
Microsoft Visual Studio Solution File, Format Version 12.00
# Visual Studio Version 16
VisualStudioVersion = 16.0.29709.97
MinimumVisualStudioVersion = 10.0.40219.1
Project("{FAE04EC0-301F-11D3-BF4B-00C04F79EFBC}") = "paSystem", "paSystem.csproj", "{7EA061E3-0E41-40D9-8CB3-168A7B96E88F}"
EndProject
Global
	GlobalSection(SolutionConfigurationPlatforms) = preSolution
		Debug|Any CPU = Debug|Any CPU
		Release|Any CPU = Release|Any CPU
	EndGlobalSection
	GlobalSection(ProjectConfigurationPlatforms) = postSolution
		{7EA061E3-0E41-40D9-8CB3-168A7B96E88F}.Debug|Any CPU.ActiveCfg = Debug|Any CPU
		{7EA061E3-0E41-40D9-8CB3-168A7B96E88F}.Debug|Any CPU.Build.0 = Debug|Any CPU
		{7EA061E3-0E41-40D9-8CB3-168A7B96E88F}.Release|Any CPU.ActiveCfg = Release|Any CPU
		{7EA061E3-0E41-40D9-8CB3-168A7B96E88F}.Release|Any CPU.Build.0 = Release|Any CPU
	EndGlobalSection
	GlobalSection(SolutionProperties) = preSolution
		HideSolutionNode = FALSE
	EndGlobalSection
	GlobalSection(ExtensibilityGlobals) = postSolution
		SolutionGuid = {F5909034-C8C6-43F8-AFF4-C437F8276D25}
	EndGlobalSection
EndGlobal
